# This file is automatically @generated by Cargo.
# It is not intended for manual editing.
version = 4

[[package]]
name = "use-fault"
version = "0.1.0"

[[package]]
name = "use-formation"
version = "0.1.0"

[[package]]
name = "use-fossil"
version = "0.1.0"

[[package]]
name = "use-geologic-process"
version = "0.1.0"

[[package]]
name = "use-geologic-time"
version = "0.1.0"

[[package]]
name = "use-geology"
version = "0.1.0"
dependencies = [
 "use-fault",
 "use-formation",
 "use-fossil",
 "use-geologic-process",
 "use-geologic-time",
 "use-mineral",
 "use-rock",
 "use-sediment",
 "use-stratum",
 "use-tectonic-plate",
]

[[package]]
name = "use-mineral"
version = "0.1.0"

[[package]]
name = "use-rock"
version = "0.1.0"

[[package]]
name = "use-sediment"
version = "0.1.0"

[[package]]
name = "use-stratum"
version = "0.1.0"

[[package]]
name = "use-tectonic-plate"
version = "0.1.0"
